// !$*UTF8*$!
{
	archiveVersion = 1;
	classes = {
	};
	objectVersion = 46;
	objects = {

/* Begin PBXFileReference section */
		DED1B46D17BB997800EF0506 /* main.c */ = {isa = PBXFileReference; lastKnownFileType = sourcecode.c.c; path = main.c; sourceTree = "<group>"; };
		DED1B46E17BB997800EF0506 /* Makefile */ = {isa = PBXFileReference; lastKnownFileType = sourcecode.make; path = Makefile; sourceTree = "<group>"; };
		DED1B47D17BBA1FF00EF0506 /* ssd1963.h */ = {isa = PBXFileReference; fileEncoding = 4; lastKnownFileType = sourcecode.c.h; path = ssd1963.h; sourceTree = "<group>"; };
		DED1B47E17BBA20C00EF0506 /* ssd1963.c */ = {isa = PBXFileReference; fileEncoding = 4; lastKnownFileType = sourcecode.c.c; path = ssd1963.c; sourceTree = "<group>"; };
/* End PBXFileReference section */

/* Begin PBXGroup section */
		DED1B46217BB997800EF0506 = {
			isa = PBXGroup;
			children = (
				DED1B46C17BB997800EF0506 /* SSD1963 */,
			);
			sourceTree = "<group>";
		};
		DED1B46C17BB997800EF0506 /* SSD1963 */ = {
			isa = PBXGroup;
			children = (
				DED1B46E17BB997800EF0506 /* Makefile */,
				DED1B46D17BB997800EF0506 /* main.c */,
				DED1B47E17BBA20C00EF0506 /* ssd1963.c */,
				DED1B47D17BBA1FF00EF0506 /* ssd1963.h */,
			);
			path = SSD1963;
			sourceTree = "<group>";
		};
/* End PBXGroup section */

/* Begin PBXLegacyTarget section */
		DED1B46917BB997800EF0506 /* build */ = {
			isa = PBXLegacyTarget;
			buildArgumentsString = "all -C $(PROJECT)";
			buildConfigurationList = DED1B47117BB997800EF0506 /* Build configuration list for PBXLegacyTarget "build" */;
			buildPhases = (
			);
			buildToolPath = make;
			dependencies = (
			);
			name = build;
			passBuildSettingsInEnvironment = 1;
			productName = build;
		};
		DED1B46A17BB997800EF0506 /* fuse */ = {
			isa = PBXLegacyTarget;
			buildArgumentsString = "fuse -C $(PROJECT)";
			buildConfigurationList = DED1B47417BB997800EF0506 /* Build configuration list for PBXLegacyTarget "fuse" */;
			buildPhases = (
			);
			buildToolPath = /usr/bin/make;
			dependencies = (
			);
			name = fuse;
			passBuildSettingsInEnvironment = 1;
			productName = fuse;
		};
		DED1B46B17BB997800EF0506 /* flash */ = {
			isa = PBXLegacyTarget;
			buildArgumentsString = "flash -C $(PROJECT)";
			buildConfigurationList = DED1B47717BB997800EF0506 /* Build configuration list for PBXLegacyTarget "flash" */;
			buildPhases = (
			);
			buildToolPath = /usr/bin/make;
			dependencies = (
			);
			name = flash;
			passBuildSettingsInEnvironment = 1;
			productName = flash;
		};
/* End PBXLegacyTarget section */

/* Begin PBXProject section */
		DED1B46417BB997800EF0506 /* Project object */ = {
			isa = PBXProject;
			attributes = {
				LastUpgradeCheck = 0420;
			};
			buildConfigurationList = DED1B46717BB997800EF0506 /* Build configuration list for PBXProject "SSD1963" */;
			compatibilityVersion = "Xcode 3.2";
			developmentRegion = English;
			hasScannedForEncodings = 0;
			knownRegions = (
				en,
			);
			mainGroup = DED1B46217BB997800EF0506;
			projectDirPath = "";
			projectRoot = "";
			targets = (
				DED1B46917BB997800EF0506 /* build */,
				DED1B46A17BB997800EF0506 /* fuse */,
				DED1B46B17BB997800EF0506 /* flash */,
			);
		};
/* End PBXProject section */

/* Begin XCBuildConfiguration section */
		DED1B46F17BB997800EF0506 /* Debug */ = {
			isa = XCBuildConfiguration;
			buildSettings = {
				ALWAYS_SEARCH_USER_PATHS = NO;
				ARCHS = "$(ARCHS_STANDARD_64_BIT)";
				CLANG_ENABLE_OBJC_ARC = YES;
				COPY_PHASE_STRIP = NO;
				GCC_C_LANGUAGE_STANDARD = gnu99;
				GCC_DYNAMIC_NO_PIC = NO;
				GCC_ENABLE_OBJC_EXCEPTIONS = YES;
				GCC_OPTIMIZATION_LEVEL = 0;
				GCC_PREPROCESSOR_DEFINITIONS = (
					"DEBUG=1",
					"$(inherited)",
				);
				GCC_SYMBOLS_PRIVATE_EXTERN = NO;
				GCC_VERSION = com.apple.compilers.llvm.clang.1_0;
				GCC_WARN_64_TO_32_BIT_CONVERSION = YES;
				GCC_WARN_ABOUT_MISSING_PROTOTYPES = YES;
				GCC_WARN_ABOUT_RETURN_TYPE = YES;
				GCC_WARN_UNUSED_VARIABLE = YES;
				MACOSX_DEPLOYMENT_TARGET = 10.7;
				ONLY_ACTIVE_ARCH = YES;
				OTHER_CFLAGS = "";
				OTHER_LDFLAGS = "";
				PATH = "$(PATH):/usr/local/CrossPack-AVR/bin";
				SDKROOT = macosx;
			};
			name = Debug;
		};
		DED1B47017BB997800EF0506 /* Release */ = {
			isa = XCBuildConfiguration;
			buildSettings = {
				ALWAYS_SEARCH_USER_PATHS = NO;
				ARCHS = "$(ARCHS_STANDARD_64_BIT)";
				CLANG_ENABLE_OBJC_ARC = YES;
				COPY_PHASE_STRIP = YES;
				DEBUG_INFORMATION_FORMAT = "dwarf-with-dsym";
				GCC_C_LANGUAGE_STANDARD = gnu99;
				GCC_ENABLE_OBJC_EXCEPTIONS = YES;
				GCC_VERSION = com.apple.compilers.llvm.clang.1_0;
				GCC_WARN_64_TO_32_BIT_CONVERSION = YES;
				GCC_WARN_ABOUT_MISSING_PROTOTYPES = YES;
				GCC_WARN_ABOUT_RETURN_TYPE = YES;
				GCC_WARN_UNUSED_VARIABLE = YES;
				MACOSX_DEPLOYMENT_TARGET = 10.7;
				OTHER_CFLAGS = "";
				OTHER_LDFLAGS = "";
				PATH = "$(PATH):/usr/local/CrossPack-AVR/bin";
				SDKROOT = macosx;
			};
			name = Release;
		};
		DED1B47217BB997800EF0506 /* Debug */ = {
			isa = XCBuildConfiguration;
			buildSettings = {
				PRODUCT_NAME = "$(TARGET_NAME)";
			};
			name = Debug;
		};
		DED1B47317BB997800EF0506 /* Release */ = {
			isa = XCBuildConfiguration;
			buildSettings = {
				PRODUCT_NAME = "$(TARGET_NAME)";
			};
			name = Release;
		};
		DED1B47517BB997800EF0506 /* Debug */ = {
			isa = XCBuildConfiguration;
			buildSettings = {
			};
			name = Debug;
		};
		DED1B47617BB997800EF0506 /* Release */ = {
			isa = XCBuildConfiguration;
			buildSettings = {
			};
			name = Release;
		};
		DED1B47817BB997800EF0506 /* Debug */ = {
			isa = XCBuildConfiguration;
			buildSettings = {
			};
			name = Debug;
		};
		DED1B47917BB997800EF0506 /* Release */ = {
			isa = XCBuildConfiguration;
			buildSettings = {
			};
			name = Release;
		};
/* End XCBuildConfiguration section */

/* Begin XCConfigurationList section */
		DED1B46717BB997800EF0506 /* Build configuration list for PBXProject "SSD1963" */ = {
			isa = XCConfigurationList;
			buildConfigurations = (
				DED1B46F17BB997800EF0506 /* Debug */,
				DED1B47017BB997800EF0506 /* Release */,
			);
			defaultConfigurationIsVisible = 0;
			defaultConfigurationName = Release;
		};
		DED1B47117BB997800EF0506 /* Build configuration list for PBXLegacyTarget "build" */ = {
			isa = XCConfigurationList;
			buildConfigurations = (
				DED1B47217BB997800EF0506 /* Debug */,
				DED1B47317BB997800EF0506 /* Release */,
			);
			defaultConfigurationIsVisible = 0;
			defaultConfigurationName = Release;
		};
		DED1B47417BB997800EF0506 /* Build configuration list for PBXLegacyTarget "fuse" */ = {
			isa = XCConfigurationList;
			buildConfigurations = (
				DED1B47517BB997800EF0506 /* Debug */,
				DED1B47617BB997800EF0506 /* Release */,
			);
			defaultConfigurationIsVisible = 0;
			defaultConfigurationName = Release;
		};
		DED1B47717BB997800EF0506 /* Build configuration list for PBXLegacyTarget "flash" */ = {
			isa = XCConfigurationList;
			buildConfigurations = (
				DED1B47817BB997800EF0506 /* Debug */,
				DED1B47917BB997800EF0506 /* Release */,
			);
			defaultConfigurationIsVisible = 0;
			defaultConfigurationName = Release;
		};
/* End XCConfigurationList section */
	};
	rootObject = DED1B46417BB997800EF0506 /* Project object */;
}
